
Microsoft Visual Studio Solution File, Format Version 12.00
# Visual Studio Version 17
VisualStudioVersion = 17.3.32929.385
MinimumVisualStudioVersion = 10.0.40219.1
Project("{9A19103F-16F7-4668-BE54-9A1E7A4F7556}") = "Hamburger", "OOP_Hamburgerci\Hamburger.csproj", "{54E5AA17-A832-41A3-8A5F-04DF0734AB13}"
EndProject
Global
	GlobalSection(SolutionConfigurationPlatforms) = preSolution
		Debug|Any CPU = Debug|Any CPU
		Release|Any CPU = Release|Any CPU
	EndGlobalSection
	GlobalSection(ProjectConfigurationPlatforms) = postSolution
		{54E5AA17-A832-41A3-8A5F-04DF0734AB13}.Debug|Any CPU.ActiveCfg = Debug|Any CPU
		{54E5AA17-A832-41A3-8A5F-04DF0734AB13}.Debug|Any CPU.Build.0 = Debug|Any CPU
		{54E5AA17-A832-41A3-8A5F-04DF0734AB13}.Release|Any CPU.ActiveCfg = Release|Any CPU
		{54E5AA17-A832-41A3-8A5F-04DF0734AB13}.Release|Any CPU.Build.0 = Release|Any CPU
	EndGlobalSection
	GlobalSection(SolutionProperties) = preSolution
		HideSolutionNode = FALSE
	EndGlobalSection
	GlobalSection(ExtensibilityGlobals) = postSolution
		SolutionGuid = {3D17AA1B-67E4-4A0B-B2C4-4A4033371E47}
	EndGlobalSection
EndGlobal
